schema: '2.0'
stages:
  prepare:
    cmd: python src/prepare.py data/airlinedelaycauses_DelayedFlights.csv
    deps:
    - path: data/airlinedelaycauses_DelayedFlights.csv
      md5: ba24f443db4699c66c54a3835bdb8677
      size: 247963212
    - path: src/prepare.py
      md5: f09ea0c15980b43010257ccb9f0055e2
      size: 1576
    params:
      params.yaml:
        prepare.seed: 20170428
        prepare.split: 0.2
    outs:
    - path: data/prepared
      md5: 6652640f2cde8646134c9b5cdfb4583f.dir
      size: 0
      nfiles: 2
